
Microsoft Visual Studio Solution File, Format Version 12.00
# Visual Studio Version 17
VisualStudioVersion = 17.12.35527.113 d17.12
MinimumVisualStudioVersion = 10.0.40219.1
Project("{9A19103F-16F7-4668-BE54-9A1E7A4F7556}") = "ACore.Blazor", "Core\ACore.Blazor\src\ACore.Blazor\ACore.Blazor.csproj", "{DAEAE7DA-A02B-480E-B0BF-ECE93E21E8E5}"
EndProject
Project("{9A19103F-16F7-4668-BE54-9A1E7A4F7556}") = "ACore", "Core\ACore\src\ACore\ACore.csproj", "{E7C6E39F-15C6-4510-870A-AA2041D1512F}"
EndProject
Project("{9A19103F-16F7-4668-BE54-9A1E7A4F7556}") = "ACore.Server", "Core\ACore\src\ACore.Server\ACore.Server.csproj", "{19330F09-41C3-4C89-99F8-C221DF4AD293}"
EndProject
Project("{2150E333-8FDC-42A3-9474-1A3956D46DE8}") = "ACore", "ACore", "{81327F10-8B74-4F59-8F86-304EAB3995B6}"
EndProject
Project("{9A19103F-16F7-4668-BE54-9A1E7A4F7556}") = "ACore.Tests", "Core\ACore\test\ACore.Tests\ACore.Tests.csproj", "{1D75FD06-EF8F-407B-836A-15A2558D22CB}"
EndProject
Project("{9A19103F-16F7-4668-BE54-9A1E7A4F7556}") = "ACore.Client", "Core\ACore\src\ACore.Client\ACore.Client.csproj", "{613CB651-5E63-474D-9D1E-E0FD508F0EC4}"
EndProject
Project("{FAE04EC0-301F-11D3-BF4B-00C04F79EFBC}") = "ACore.Blazor.BUnit", "Core\ACore.Blazor\test\ACore.Blazor.BUnit\ACore.Blazor.BUnit.csproj", "{81D80840-1E43-4244-8B1A-84A5B95E02F3}"
EndProject
Project("{2150E333-8FDC-42A3-9474-1A3956D46DE8}") = "ACore.Blazor", "ACore.Blazor", "{18004745-1FBE-4233-97FC-3D431A7F55B5}"
EndProject
Project("{FAE04EC0-301F-11D3-BF4B-00C04F79EFBC}") = "ACore.TestsStress", "Core\ACore\test\ACore.TestsStress\ACore.TestsStress.csproj", "{1421E39D-8188-41C2-9D73-E8B44E2DB676}"
EndProject
Project("{2150E333-8FDC-42A3-9474-1A3956D46DE8}") = "Tests", "Tests", "{A374D79E-ADEE-44A8-8A6D-277B55FB6138}"
EndProject
Project("{FAE04EC0-301F-11D3-BF4B-00C04F79EFBC}") = "ACore.UnitTests", "Core\ACore\test\ACore.UnitTests\ACore.UnitTests.csproj", "{5860A426-2CEE-4EEA-A0B2-2971AE84CE37}"
EndProject
Project("{2150E333-8FDC-42A3-9474-1A3956D46DE8}") = "BlazorApp", "BlazorApp", "{4A148852-B5C4-4CE3-9AF3-708C14D95885}"
EndProject
Project("{FAE04EC0-301F-11D3-BF4B-00C04F79EFBC}") = "BlazorApp", "Samples\BlazorApp\BlazorApp\BlazorApp.csproj", "{68D40F48-FBDB-4546-9E26-FCA23E703FC3}"
EndProject
Project("{FAE04EC0-301F-11D3-BF4B-00C04F79EFBC}") = "BlazorApp.Client", "Samples\BlazorApp\BlazorApp.Client\BlazorApp.Client.csproj", "{09469637-D1D2-487A-ADD2-FE72AD17E33F}"
EndProject
Project("{2150E333-8FDC-42A3-9474-1A3956D46DE8}") = "Core", "Core", "{4F729A5F-0805-4C35-912F-F989FF2C9B6E}"
EndProject
Project("{2150E333-8FDC-42A3-9474-1A3956D46DE8}") = "Samples", "Samples", "{0F73A660-2FFE-4AF6-944E-3BC9006224A0}"
EndProject
Project("{2150E333-8FDC-42A3-9474-1A3956D46DE8}") = "Tests", "Tests", "{B2E17BBC-8C8B-495A-B775-FBAD8EFCDFD9}"
EndProject
Project("{2150E333-8FDC-42A3-9474-1A3956D46DE8}") = "Modules", "Modules", "{91E2FE93-2BA1-4189-96BB-7B80C0906F89}"
EndProject
Project("{FAE04EC0-301F-11D3-BF4B-00C04F79EFBC}") = "ACoreAspire", "Aspire\ACoreAspire.csproj", "{B54ADCDB-254D-488B-9005-BCFBE8AEA423}"
EndProject
Project("{FAE04EC0-301F-11D3-BF4B-00C04F79EFBC}") = "ACoreAuditModule", "Modules\ACoreAuditModule\ACoreAuditModule.csproj", "{F9D8E20A-9C86-49B1-8BA2-57018ECB00B2}"
EndProject
Global
	GlobalSection(SolutionConfigurationPlatforms) = preSolution
		Debug|Any CPU = Debug|Any CPU
		Release|Any CPU = Release|Any CPU
	EndGlobalSection
	GlobalSection(ProjectConfigurationPlatforms) = postSolution
		{DAEAE7DA-A02B-480E-B0BF-ECE93E21E8E5}.Debug|Any CPU.ActiveCfg = Debug|Any CPU
		{DAEAE7DA-A02B-480E-B0BF-ECE93E21E8E5}.Debug|Any CPU.Build.0 = Debug|Any CPU
		{DAEAE7DA-A02B-480E-B0BF-ECE93E21E8E5}.Release|Any CPU.ActiveCfg = Release|Any CPU
		{DAEAE7DA-A02B-480E-B0BF-ECE93E21E8E5}.Release|Any CPU.Build.0 = Release|Any CPU
		{E7C6E39F-15C6-4510-870A-AA2041D1512F}.Debug|Any CPU.ActiveCfg = Debug|Any CPU
		{E7C6E39F-15C6-4510-870A-AA2041D1512F}.Debug|Any CPU.Build.0 = Debug|Any CPU
		{E7C6E39F-15C6-4510-870A-AA2041D1512F}.Release|Any CPU.ActiveCfg = Release|Any CPU
		{E7C6E39F-15C6-4510-870A-AA2041D1512F}.Release|Any CPU.Build.0 = Release|Any CPU
		{19330F09-41C3-4C89-99F8-C221DF4AD293}.Debug|Any CPU.ActiveCfg = Debug|Any CPU
		{19330F09-41C3-4C89-99F8-C221DF4AD293}.Debug|Any CPU.Build.0 = Debug|Any CPU
		{19330F09-41C3-4C89-99F8-C221DF4AD293}.Release|Any CPU.ActiveCfg = Release|Any CPU
		{19330F09-41C3-4C89-99F8-C221DF4AD293}.Release|Any CPU.Build.0 = Release|Any CPU
		{1D75FD06-EF8F-407B-836A-15A2558D22CB}.Debug|Any CPU.ActiveCfg = Debug|Any CPU
		{1D75FD06-EF8F-407B-836A-15A2558D22CB}.Debug|Any CPU.Build.0 = Debug|Any CPU
		{1D75FD06-EF8F-407B-836A-15A2558D22CB}.Release|Any CPU.ActiveCfg = Release|Any CPU
		{1D75FD06-EF8F-407B-836A-15A2558D22CB}.Release|Any CPU.Build.0 = Release|Any CPU
		{613CB651-5E63-474D-9D1E-E0FD508F0EC4}.Debug|Any CPU.ActiveCfg = Debug|Any CPU
		{613CB651-5E63-474D-9D1E-E0FD508F0EC4}.Debug|Any CPU.Build.0 = Debug|Any CPU
		{613CB651-5E63-474D-9D1E-E0FD508F0EC4}.Release|Any CPU.ActiveCfg = Release|Any CPU
		{613CB651-5E63-474D-9D1E-E0FD508F0EC4}.Release|Any CPU.Build.0 = Release|Any CPU
		{81D80840-1E43-4244-8B1A-84A5B95E02F3}.Debug|Any CPU.ActiveCfg = Debug|Any CPU
		{81D80840-1E43-4244-8B1A-84A5B95E02F3}.Debug|Any CPU.Build.0 = Debug|Any CPU
		{81D80840-1E43-4244-8B1A-84A5B95E02F3}.Release|Any CPU.ActiveCfg = Release|Any CPU
		{81D80840-1E43-4244-8B1A-84A5B95E02F3}.Release|Any CPU.Build.0 = Release|Any CPU
		{1421E39D-8188-41C2-9D73-E8B44E2DB676}.Debug|Any CPU.ActiveCfg = Debug|Any CPU
		{1421E39D-8188-41C2-9D73-E8B44E2DB676}.Debug|Any CPU.Build.0 = Debug|Any CPU
		{1421E39D-8188-41C2-9D73-E8B44E2DB676}.Release|Any CPU.ActiveCfg = Release|Any CPU
		{1421E39D-8188-41C2-9D73-E8B44E2DB676}.Release|Any CPU.Build.0 = Release|Any CPU
		{5860A426-2CEE-4EEA-A0B2-2971AE84CE37}.Debug|Any CPU.ActiveCfg = Debug|Any CPU
		{5860A426-2CEE-4EEA-A0B2-2971AE84CE37}.Debug|Any CPU.Build.0 = Debug|Any CPU
		{5860A426-2CEE-4EEA-A0B2-2971AE84CE37}.Release|Any CPU.ActiveCfg = Release|Any CPU
		{5860A426-2CEE-4EEA-A0B2-2971AE84CE37}.Release|Any CPU.Build.0 = Release|Any CPU
		{68D40F48-FBDB-4546-9E26-FCA23E703FC3}.Debug|Any CPU.ActiveCfg = Debug|Any CPU
		{68D40F48-FBDB-4546-9E26-FCA23E703FC3}.Debug|Any CPU.Build.0 = Debug|Any CPU
		{68D40F48-FBDB-4546-9E26-FCA23E703FC3}.Release|Any CPU.ActiveCfg = Release|Any CPU
		{68D40F48-FBDB-4546-9E26-FCA23E703FC3}.Release|Any CPU.Build.0 = Release|Any CPU
		{09469637-D1D2-487A-ADD2-FE72AD17E33F}.Debug|Any CPU.ActiveCfg = Debug|Any CPU
		{09469637-D1D2-487A-ADD2-FE72AD17E33F}.Debug|Any CPU.Build.0 = Debug|Any CPU
		{09469637-D1D2-487A-ADD2-FE72AD17E33F}.Release|Any CPU.ActiveCfg = Release|Any CPU
		{09469637-D1D2-487A-ADD2-FE72AD17E33F}.Release|Any CPU.Build.0 = Release|Any CPU
		{B54ADCDB-254D-488B-9005-BCFBE8AEA423}.Debug|Any CPU.ActiveCfg = Debug|Any CPU
		{B54ADCDB-254D-488B-9005-BCFBE8AEA423}.Debug|Any CPU.Build.0 = Debug|Any CPU
		{B54ADCDB-254D-488B-9005-BCFBE8AEA423}.Release|Any CPU.ActiveCfg = Release|Any CPU
		{B54ADCDB-254D-488B-9005-BCFBE8AEA423}.Release|Any CPU.Build.0 = Release|Any CPU
		{F9D8E20A-9C86-49B1-8BA2-57018ECB00B2}.Debug|Any CPU.ActiveCfg = Debug|Any CPU
		{F9D8E20A-9C86-49B1-8BA2-57018ECB00B2}.Debug|Any CPU.Build.0 = Debug|Any CPU
		{F9D8E20A-9C86-49B1-8BA2-57018ECB00B2}.Release|Any CPU.ActiveCfg = Release|Any CPU
		{F9D8E20A-9C86-49B1-8BA2-57018ECB00B2}.Release|Any CPU.Build.0 = Release|Any CPU
	EndGlobalSection
	GlobalSection(SolutionProperties) = preSolution
		HideSolutionNode = FALSE
	EndGlobalSection
	GlobalSection(NestedProjects) = preSolution
		{DAEAE7DA-A02B-480E-B0BF-ECE93E21E8E5} = {18004745-1FBE-4233-97FC-3D431A7F55B5}
		{E7C6E39F-15C6-4510-870A-AA2041D1512F} = {81327F10-8B74-4F59-8F86-304EAB3995B6}
		{19330F09-41C3-4C89-99F8-C221DF4AD293} = {81327F10-8B74-4F59-8F86-304EAB3995B6}
		{1D75FD06-EF8F-407B-836A-15A2558D22CB} = {A374D79E-ADEE-44A8-8A6D-277B55FB6138}
		{613CB651-5E63-474D-9D1E-E0FD508F0EC4} = {81327F10-8B74-4F59-8F86-304EAB3995B6}
		{81D80840-1E43-4244-8B1A-84A5B95E02F3} = {18004745-1FBE-4233-97FC-3D431A7F55B5}
		{1421E39D-8188-41C2-9D73-E8B44E2DB676} = {A374D79E-ADEE-44A8-8A6D-277B55FB6138}
		{A374D79E-ADEE-44A8-8A6D-277B55FB6138} = {81327F10-8B74-4F59-8F86-304EAB3995B6}
		{5860A426-2CEE-4EEA-A0B2-2971AE84CE37} = {A374D79E-ADEE-44A8-8A6D-277B55FB6138}
		{68D40F48-FBDB-4546-9E26-FCA23E703FC3} = {4A148852-B5C4-4CE3-9AF3-708C14D95885}
		{09469637-D1D2-487A-ADD2-FE72AD17E33F} = {4A148852-B5C4-4CE3-9AF3-708C14D95885}
		{18004745-1FBE-4233-97FC-3D431A7F55B5} = {4F729A5F-0805-4C35-912F-F989FF2C9B6E}
		{81327F10-8B74-4F59-8F86-304EAB3995B6} = {4F729A5F-0805-4C35-912F-F989FF2C9B6E}
		{4A148852-B5C4-4CE3-9AF3-708C14D95885} = {0F73A660-2FFE-4AF6-944E-3BC9006224A0}
		{B2E17BBC-8C8B-495A-B775-FBAD8EFCDFD9} = {18004745-1FBE-4233-97FC-3D431A7F55B5}
		{F9D8E20A-9C86-49B1-8BA2-57018ECB00B2} = {91E2FE93-2BA1-4189-96BB-7B80C0906F89}
	EndGlobalSection
	GlobalSection(ExtensibilityGlobals) = postSolution
		SolutionGuid = {BD692FAC-E043-44E5-B382-E939BE935E2E}
	EndGlobalSection
EndGlobal
